// !$*UTF8*$!
{
	archiveVersion = 1;
	classes = {
	};
	objectVersion = 77;
	objects = {

/* Begin PBXContainerItemProxy section */
		ECC1C7C12D194B0600449BD0 /* PBXContainerItemProxy */ = {
			isa = PBXContainerItemProxy;
			containerPortal = ECC1C79D2D194B0400449BD0 /* Project object */;
			proxyType = 1;
			remoteGlobalIDString = ECC1C7A42D194B0400449BD0;
			remoteInfo = ObjCApp;
		};
		ECC1C7CB2D194B0600449BD0 /* PBXContainerItemProxy */ = {
			isa = PBXContainerItemProxy;
			containerPortal = ECC1C79D2D194B0400449BD0 /* Project object */;
			proxyType = 1;
			remoteGlobalIDString = ECC1C7A42D194B0400449BD0;
			remoteInfo = ObjCApp;
		};
/* End PBXContainerItemProxy section */

/* Begin PBXFileReference section */
		ECC1C7A52D194B0400449BD0 /* ObjCApp.app */ = {isa = PBXFileReference; explicitFileType = wrapper.application; includeInIndex = 0; path = ObjCApp.app; sourceTree = BUILT_PRODUCTS_DIR; };
		ECC1C7C02D194B0600449BD0 /* ObjCAppTests.xctest */ = {isa = PBXFileReference; explicitFileType = wrapper.cfbundle; includeInIndex = 0; path = ObjCAppTests.xctest; sourceTree = BUILT_PRODUCTS_DIR; };
		ECC1C7CA2D194B0600449BD0 /* ObjCAppUITests.xctest */ = {isa = PBXFileReference; explicitFileType = wrapper.cfbundle; includeInIndex = 0; path = ObjCAppUITests.xctest; sourceTree = BUILT_PRODUCTS_DIR; };
/* End PBXFileReference section */

/* Begin PBXFileSystemSynchronizedBuildFileExceptionSet section */
		ECC1C7D22D194B0600449BD0 /* Exceptions for "ObjCApp" folder in "ObjCApp" target */ = {
			isa = PBXFileSystemSynchronizedBuildFileExceptionSet;
			membershipExceptions = (
				Info.plist,
			);
			target = ECC1C7A42D194B0400449BD0 /* ObjCApp */;
		};
/* End PBXFileSystemSynchronizedBuildFileExceptionSet section */

/* Begin PBXFileSystemSynchronizedRootGroup section */
		ECC1C7A72D194B0400449BD0 /* ObjCApp */ = {
			isa = PBXFileSystemSynchronizedRootGroup;
			exceptions = (
				ECC1C7D22D194B0600449BD0 /* Exceptions for "ObjCApp" folder in "ObjCApp" target */,
			);
			path = ObjCApp;
			sourceTree = "<group>";
		};
		ECC1C7C32D194B0600449BD0 /* ObjCAppTests */ = {
			isa = PBXFileSystemSynchronizedRootGroup;
			path = ObjCAppTests;
			sourceTree = "<group>";
		};
		ECC1C7CD2D194B0600449BD0 /* ObjCAppUITests */ = {
			isa = PBXFileSystemSynchronizedRootGroup;
			path = ObjCAppUITests;
			sourceTree = "<group>";
		};
/* End PBXFileSystemSynchronizedRootGroup section */

/* Begin PBXFrameworksBuildPhase section */
		ECC1C7A22D194B0400449BD0 /* Frameworks */ = {
			isa = PBXFrameworksBuildPhase;
			buildActionMask = 2147483647;
			files = (
			);
			runOnlyForDeploymentPostprocessing = 0;
		};
		ECC1C7BD2D194B0600449BD0 /* Frameworks */ = {
			isa = PBXFrameworksBuildPhase;
			buildActionMask = 2147483647;
			files = (
			);
			runOnlyForDeploymentPostprocessing = 0;
		};
		ECC1C7C72D194B0600449BD0 /* Frameworks */ = {
			isa = PBXFrameworksBuildPhase;
			buildActionMask = 2147483647;
			files = (
			);
			runOnlyForDeploymentPostprocessing = 0;
		};
/* End PBXFrameworksBuildPhase section */

/* Begin PBXGroup section */
		ECC1C79C2D194B0400449BD0 = {
			isa = PBXGroup;
			children = (
				ECC1C7A72D194B0400449BD0 /* ObjCApp */,
				ECC1C7C32D194B0600449BD0 /* ObjCAppTests */,
				ECC1C7CD2D194B0600449BD0 /* ObjCAppUITests */,
				ECC1C7A62D194B0400449BD0 /* Products */,
			);
			sourceTree = "<group>";
		};
		ECC1C7A62D194B0400449BD0 /* Products */ = {
			isa = PBXGroup;
			children = (
				ECC1C7A52D194B0400449BD0 /* ObjCApp.app */,
				ECC1C7C02D194B0600449BD0 /* ObjCAppTests.xctest */,
				ECC1C7CA2D194B0600449BD0 /* ObjCAppUITests.xctest */,
			);
			name = Products;
			sourceTree = "<group>";
		};
/* End PBXGroup section */

/* Begin PBXNativeTarget section */
		ECC1C7A42D194B0400449BD0 /* ObjCApp */ = {
			isa = PBXNativeTarget;
			buildConfigurationList = ECC1C7D32D194B0600449BD0 /* Build configuration list for PBXNativeTarget "ObjCApp" */;
			buildPhases = (
				ECC1C7A12D194B0400449BD0 /* Sources */,
				ECC1C7A22D194B0400449BD0 /* Frameworks */,
				ECC1C7A32D194B0400449BD0 /* Resources */,
			);
			buildRules = (
			);
			dependencies = (
			);
			fileSystemSynchronizedGroups = (
				ECC1C7A72D194B0400449BD0 /* ObjCApp */,
			);
			name = ObjCApp;
			packageProductDependencies = (
			);
			productName = ObjCApp;
			productReference = ECC1C7A52D194B0400449BD0 /* ObjCApp.app */;
			productType = "com.apple.product-type.application";
		};
		ECC1C7BF2D194B0600449BD0 /* ObjCAppTests */ = {
			isa = PBXNativeTarget;
			buildConfigurationList = ECC1C7D82D194B0600449BD0 /* Build configuration list for PBXNativeTarget "ObjCAppTests" */;
			buildPhases = (
				ECC1C7BC2D194B0600449BD0 /* Sources */,
				ECC1C7BD2D194B0600449BD0 /* Frameworks */,
				ECC1C7BE2D194B0600449BD0 /* Resources */,
			);
			buildRules = (
			);
			dependencies = (
				ECC1C7C22D194B0600449BD0 /* PBXTargetDependency */,
			);
			fileSystemSynchronizedGroups = (
				ECC1C7C32D194B0600449BD0 /* ObjCAppTests */,
			);
			name = ObjCAppTests;
			packageProductDependencies = (
			);
			productName = ObjCAppTests;
			productReference = ECC1C7C02D194B0600449BD0 /* ObjCAppTests.xctest */;
			productType = "com.apple.product-type.bundle.unit-test";
		};
		ECC1C7C92D194B0600449BD0 /* ObjCAppUITests */ = {
			isa = PBXNativeTarget;
			buildConfigurationList = ECC1C7DB2D194B0600449BD0 /* Build configuration list for PBXNativeTarget "ObjCAppUITests" */;
			buildPhases = (
				ECC1C7C62D194B0600449BD0 /* Sources */,
				ECC1C7C72D194B0600449BD0 /* Frameworks */,
				ECC1C7C82D194B0600449BD0 /* Resources */,
			);
			buildRules = (
			);
			dependencies = (
				ECC1C7CC2D194B0600449BD0 /* PBXTargetDependency */,
			);
			fileSystemSynchronizedGroups = (
				ECC1C7CD2D194B0600449BD0 /* ObjCAppUITests */,
			);
			name = ObjCAppUITests;
			packageProductDependencies = (
			);
			productName = ObjCAppUITests;
			productReference = ECC1C7CA2D194B0600449BD0 /* ObjCAppUITests.xctest */;
			productType = "com.apple.product-type.bundle.ui-testing";
		};
/* End PBXNativeTarget section */

/* Begin PBXProject section */
		ECC1C79D2D194B0400449BD0 /* Project object */ = {
			isa = PBXProject;
			attributes = {
				BuildIndependentTargetsInParallel = 1;
				LastUpgradeCheck = 1610;
				TargetAttributes = {
					ECC1C7A42D194B0400449BD0 = {
						CreatedOnToolsVersion = 16.1;
					};
					ECC1C7BF2D194B0600449BD0 = {
						CreatedOnToolsVersion = 16.1;
						TestTargetID = ECC1C7A42D194B0400449BD0;
					};
					ECC1C7C92D194B0600449BD0 = {
						CreatedOnToolsVersion = 16.1;
						TestTargetID = ECC1C7A42D194B0400449BD0;
					};
				};
			};
			buildConfigurationList = ECC1C7A02D194B0400449BD0 /* Build configuration list for PBXProject "ObjCApp" */;
			developmentRegion = en;
			hasScannedForEncodings = 0;
			knownRegions = (
				en,
				Base,
			);
			mainGroup = ECC1C79C2D194B0400449BD0;
			minimizedProjectReferenceProxies = 1;
			preferredProjectObjectVersion = 77;
			productRefGroup = ECC1C7A62D194B0400449BD0 /* Products */;
			projectDirPath = "";
			projectRoot = "";
			targets = (
				ECC1C7A42D194B0400449BD0 /* ObjCApp */,
				ECC1C7BF2D194B0600449BD0 /* ObjCAppTests */,
				ECC1C7C92D194B0600449BD0 /* ObjCAppUITests */,
			);
		};
/* End PBXProject section */

/* Begin PBXResourcesBuildPhase section */
		ECC1C7A32D194B0400449BD0 /* Resources */ = {
			isa = PBXResourcesBuildPhase;
			buildActionMask = 2147483647;
			files = (
			);
			runOnlyForDeploymentPostprocessing = 0;
		};
		ECC1C7BE2D194B0600449BD0 /* Resources */ = {
			isa = PBXResourcesBuildPhase;
			buildActionMask = 2147483647;
			files = (
			);
			runOnlyForDeploymentPostprocessing = 0;
		};
		ECC1C7C82D194B0600449BD0 /* Resources */ = {
			isa = PBXResourcesBuildPhase;
			buildActionMask = 2147483647;
			files = (
			);
			runOnlyForDeploymentPostprocessing = 0;
		};
/* End PBXResourcesBuildPhase section */

/* Begin PBXSourcesBuildPhase section */
		ECC1C7A12D194B0400449BD0 /* Sources */ = {
			isa = PBXSourcesBuildPhase;
			buildActionMask = 2147483647;
			files = (
			);
			runOnlyForDeploymentPostprocessing = 0;
		};
		ECC1C7BC2D194B0600449BD0 /* Sources */ = {
			isa = PBXSourcesBuildPhase;
			buildActionMask = 2147483647;
			files = (
			);
			runOnlyForDeploymentPostprocessing = 0;
		};
		ECC1C7C62D194B0600449BD0 /* Sources */ = {
			isa = PBXSourcesBuildPhase;
			buildActionMask = 2147483647;
			files = (
			);
			runOnlyForDeploymentPostprocessing = 0;
		};
/* End PBXSourcesBuildPhase section */

/* Begin PBXTargetDependency section */
		ECC1C7C22D194B0600449BD0 /* PBXTargetDependency */ = {
			isa = PBXTargetDependency;
			target = ECC1C7A42D194B0400449BD0 /* ObjCApp */;
			targetProxy = ECC1C7C12D194B0600449BD0 /* PBXContainerItemProxy */;
		};
		ECC1C7CC2D194B0600449BD0 /* PBXTargetDependency */ = {
			isa = PBXTargetDependency;
			target = ECC1C7A42D194B0400449BD0 /* ObjCApp */;
			targetProxy = ECC1C7CB2D194B0600449BD0 /* PBXContainerItemProxy */;
		};
/* End PBXTargetDependency section */

/* Begin XCBuildConfiguration section */
		ECC1C7D42D194B0600449BD0 /* Debug */ = {
			isa = XCBuildConfiguration;
			buildSettings = {
				ASSETCATALOG_COMPILER_APPICON_NAME = AppIcon;
				ASSETCATALOG_COMPILER_GLOBAL_ACCENT_COLOR_NAME = AccentColor;
				CODE_SIGN_STYLE = Automatic;
				CURRENT_PROJECT_VERSION = 1;
				GENERATE_INFOPLIST_FILE = YES;
				INFOPLIST_FILE = ObjCApp/Info.plist;
				INFOPLIST_KEY_UIApplicationSupportsIndirectInputEvents = YES;
				INFOPLIST_KEY_UILaunchStoryboardName = LaunchScreen;
				INFOPLIST_KEY_UIMainStoryboardFile = Main;
				INFOPLIST_KEY_UISupportedInterfaceOrientations_iPad = "UIInterfaceOrientationPortrait UIInterfaceOrientationPortraitUpsideDown UIInterfaceOrientationLandscapeLeft UIInterfaceOrientationLandscapeRight";
				INFOPLIST_KEY_UISupportedInterfaceOrientations_iPhone = "UIInterfaceOrientationPortrait UIInterfaceOrientationLandscapeLeft UIInterfaceOrientationLandscapeRight";
				LD_RUNPATH_SEARCH_PATHS = (
					"$(inherited)",
					"@executable_path/Frameworks",
				);
				MARKETING_VERSION = 1.0;
				PRODUCT_BUNDLE_IDENTIFIER = com.tencent.yc.ObjCApp;
				PRODUCT_NAME = "$(TARGET_NAME)";
				SWIFT_EMIT_LOC_STRINGS = YES;
				TARGETED_DEVICE_FAMILY = "1,2";
			};
			name = Debug;
		};
		ECC1C7D52D194B0600449BD0 /* Release */ = {
			isa = XCBuildConfiguration;
			buildSettings = {
				ASSETCATALOG_COMPILER_APPICON_NAME = AppIcon;
				ASSETCATALOG_COMPILER_GLOBAL_ACCENT_COLOR_NAME = AccentColor;
				CODE_SIGN_STYLE = Automatic;
				CURRENT_PROJECT_VERSION = 1;
				GENERATE_INFOPLIST_FILE = YES;
				INFOPLIST_FILE = ObjCApp/Info.plist;
				INFOPLIST_KEY_UIApplicationSupportsIndirectInputEvents = YES;
				INFOPLIST_KEY_UILaunchStoryboardName = LaunchScreen;
				INFOPLIST_KEY_UIMainStoryboardFile = Main;
				INFOPLIST_KEY_UISupportedInterfaceOrientations_iPad = "UIInterfaceOrientationPortrait UIInterfaceOrientationPortraitUpsideDown UIInterfaceOrientationLandscapeLeft UIInterfaceOrientationLandscapeRight";
				INFOPLIST_KEY_UISupportedInterfaceOrientations_iPhone = "UIInterfaceOrientationPortrait UIInterfaceOrientationLandscapeLeft UIInterfaceOrientationLandscapeRight";
				LD_RUNPATH_SEARCH_PATHS = (
					"$(inherited)",
					"@executable_path/Frameworks",
				);
				MARKETING_VERSION = 1.0;
				PRODUCT_BUNDLE_IDENTIFIER = com.tencent.yc.ObjCApp;
				PRODUCT_NAME = "$(TARGET_NAME)";
				SWIFT_EMIT_LOC_STRINGS = YES;
				TARGETED_DEVICE_FAMILY = "1,2";
			};
			name = Release;
		};
		ECC1C7D62D194B0600449BD0 /* Debug */ = {
			isa = XCBuildConfiguration;
			buildSettings = {
				ALWAYS_SEARCH_USER_PATHS = NO;
				ASSETCATALOG_COMPILER_GENERATE_SWIFT_ASSET_SYMBOL_EXTENSIONS = YES;
				CLANG_ANALYZER_NONNULL = YES;
				CLANG_ANALYZER_NUMBER_OBJECT_CONVERSION = YES_AGGRESSIVE;
				CLANG_CXX_LANGUAGE_STANDARD = "gnu++20";
				CLANG_ENABLE_MODULES = YES;
				CLANG_ENABLE_OBJC_ARC = YES;
				CLANG_ENABLE_OBJC_WEAK = YES;
				CLANG_WARN_BLOCK_CAPTURE_AUTORELEASING = YES;
				CLANG_WARN_BOOL_CONVERSION = YES;
				CLANG_WARN_COMMA = YES;
				CLANG_WARN_CONSTANT_CONVERSION = YES;
				CLANG_WARN_DEPRECATED_OBJC_IMPLEMENTATIONS = YES;
				CLANG_WARN_DIRECT_OBJC_ISA_USAGE = YES_ERROR;
				CLANG_WARN_DOCUMENTATION_COMMENTS = YES;
				CLANG_WARN_EMPTY_BODY = YES;
				CLANG_WARN_ENUM_CONVERSION = YES;
				CLANG_WARN_INFINITE_RECURSION = YES;
				CLANG_WARN_INT_CONVERSION = YES;
				CLANG_WARN_NON_LITERAL_NULL_CONVERSION = YES;
				CLANG_WARN_OBJC_IMPLICIT_RETAIN_SELF = YES;
				CLANG_WARN_OBJC_LITERAL_CONVERSION = YES;
				CLANG_WARN_OBJC_ROOT_CLASS = YES_ERROR;
				CLANG_WARN_QUOTED_INCLUDE_IN_FRAMEWORK_HEADER = YES;
				CLANG_WARN_RANGE_LOOP_ANALYSIS = YES;
				CLANG_WARN_STRICT_PROTOTYPES = YES;
				CLANG_WARN_SUSPICIOUS_MOVE = YES;
				CLANG_WARN_UNGUARDED_AVAILABILITY = YES_AGGRESSIVE;
				CLANG_WARN_UNREACHABLE_CODE = YES;
				CLANG_WARN__DUPLICATE_METHOD_MATCH = YES;
				COPY_PHASE_STRIP = NO;
				DEBUG_INFORMATION_FORMAT = dwarf;
				ENABLE_STRICT_OBJC_MSGSEND = YES;
				ENABLE_TESTABILITY = YES;
				ENABLE_USER_SCRIPT_SANDBOXING = YES;
				GCC_C_LANGUAGE_STANDARD = gnu17;
				GCC_DYNAMIC_NO_PIC = NO;
				GCC_NO_COMMON_BLOCKS = YES;
				GCC_OPTIMIZATION_LEVEL = 0;
				GCC_PREPROCESSOR_DEFINITIONS = (
					"DEBUG=1",
					"$(inherited)",
				);
				GCC_WARN_64_TO_32_BIT_CONVERSION = YES;
				GCC_WARN_ABOUT_RETURN_TYPE = YES_ERROR;
				GCC_WARN_UNDECLARED_SELECTOR = YES;
				GCC_WARN_UNINITIALIZED_AUTOS = YES_AGGRESSIVE;
				GCC_WARN_UNUSED_FUNCTION = YES;
				GCC_WARN_UNUSED_VARIABLE = YES;
				IPHONEOS_DEPLOYMENT_TARGET = 18.1;
				LOCALIZATION_PREFERS_STRING_CATALOGS = YES;
				MTL_ENABLE_DEBUG_INFO = INCLUDE_SOURCE;
				MTL_FAST_MATH = YES;
				ONLY_ACTIVE_ARCH = YES;
				SDKROOT = iphoneos;
			};
			name = Debug;
		};
		ECC1C7D72D194B0600449BD0 /* Release */ = {
			isa = XCBuildConfiguration;
			buildSettings = {
				ALWAYS_SEARCH_USER_PATHS = NO;
				ASSETCATALOG_COMPILER_GENERATE_SWIFT_ASSET_SYMBOL_EXTENSIONS = YES;
				CLANG_ANALYZER_NONNULL = YES;
				CLANG_ANALYZER_NUMBER_OBJECT_CONVERSION = YES_AGGRESSIVE;
				CLANG_CXX_LANGUAGE_STANDARD = "gnu++20";
				CLANG_ENABLE_MODULES = YES;
				CLANG_ENABLE_OBJC_ARC = YES;
				CLANG_ENABLE_OBJC_WEAK = YES;
				CLANG_WARN_BLOCK_CAPTURE_AUTORELEASING = YES;
				CLANG_WARN_BOOL_CONVERSION = YES;
				CLANG_WARN_COMMA = YES;
				CLANG_WARN_CONSTANT_CONVERSION = YES;
				CLANG_WARN_DEPRECATED_OBJC_IMPLEMENTATIONS = YES;
				CLANG_WARN_DIRECT_OBJC_ISA_USAGE = YES_ERROR;
				CLANG_WARN_DOCUMENTATION_COMMENTS = YES;
				CLANG_WARN_EMPTY_BODY = YES;
				CLANG_WARN_ENUM_CONVERSION = YES;
				CLANG_WARN_INFINITE_RECURSION = YES;
				CLANG_WARN_INT_CONVERSION = YES;
				CLANG_WARN_NON_LITERAL_NULL_CONVERSION = YES;
				CLANG_WARN_OBJC_IMPLICIT_RETAIN_SELF = YES;
				CLANG_WARN_OBJC_LITERAL_CONVERSION = YES;
				CLANG_WARN_OBJC_ROOT_CLASS = YES_ERROR;
				CLANG_WARN_QUOTED_INCLUDE_IN_FRAMEWORK_HEADER = YES;
				CLANG_WARN_RANGE_LOOP_ANALYSIS = YES;
				CLANG_WARN_STRICT_PROTOTYPES = YES;
				CLANG_WARN_SUSPICIOUS_MOVE = YES;
				CLANG_WARN_UNGUARDED_AVAILABILITY = YES_AGGRESSIVE;
				CLANG_WARN_UNREACHABLE_CODE = YES;
				CLANG_WARN__DUPLICATE_METHOD_MATCH = YES;
				COPY_PHASE_STRIP = NO;
				DEBUG_INFORMATION_FORMAT = "dwarf-with-dsym";
				ENABLE_NS_ASSERTIONS = NO;
				ENABLE_STRICT_OBJC_MSGSEND = YES;
				ENABLE_USER_SCRIPT_SANDBOXING = YES;
				GCC_C_LANGUAGE_STANDARD = gnu17;
				GCC_NO_COMMON_BLOCKS = YES;
				GCC_WARN_64_TO_32_BIT_CONVERSION = YES;
				GCC_WARN_ABOUT_RETURN_TYPE = YES_ERROR;
				GCC_WARN_UNDECLARED_SELECTOR = YES;
				GCC_WARN_UNINITIALIZED_AUTOS = YES_AGGRESSIVE;
				GCC_WARN_UNUSED_FUNCTION = YES;
				GCC_WARN_UNUSED_VARIABLE = YES;
				IPHONEOS_DEPLOYMENT_TARGET = 18.1;
				LOCALIZATION_PREFERS_STRING_CATALOGS = YES;
				MTL_ENABLE_DEBUG_INFO = NO;
				MTL_FAST_MATH = YES;
				SDKROOT = iphoneos;
				VALIDATE_PRODUCT = YES;
			};
			name = Release;
		};
		ECC1C7D92D194B0600449BD0 /* Debug */ = {
			isa = XCBuildConfiguration;
			buildSettings = {
				BUNDLE_LOADER = "$(TEST_HOST)";
				CODE_SIGN_STYLE = Automatic;
				CURRENT_PROJECT_VERSION = 1;
				GENERATE_INFOPLIST_FILE = YES;
				IPHONEOS_DEPLOYMENT_TARGET = 18.1;
				MARKETING_VERSION = 1.0;
				PRODUCT_BUNDLE_IDENTIFIER = com.tencent.yc.ObjCAppTests;
				PRODUCT_NAME = "$(TARGET_NAME)";
				SWIFT_EMIT_LOC_STRINGS = NO;
				TARGETED_DEVICE_FAMILY = "1,2";
				TEST_HOST = "$(BUILT_PRODUCTS_DIR)/ObjCApp.app/$(BUNDLE_EXECUTABLE_FOLDER_PATH)/ObjCApp";
			};
			name = Debug;
		};
		ECC1C7DA2D194B0600449BD0 /* Release */ = {
			isa = XCBuildConfiguration;
			buildSettings = {
				BUNDLE_LOADER = "$(TEST_HOST)";
				CODE_SIGN_STYLE = Automatic;
				CURRENT_PROJECT_VERSION = 1;
				GENERATE_INFOPLIST_FILE = YES;
				IPHONEOS_DEPLOYMENT_TARGET = 18.1;
				MARKETING_VERSION = 1.0;
				PRODUCT_BUNDLE_IDENTIFIER = com.tencent.yc.ObjCAppTests;
				PRODUCT_NAME = "$(TARGET_NAME)";
				SWIFT_EMIT_LOC_STRINGS = NO;
				TARGETED_DEVICE_FAMILY = "1,2";
				TEST_HOST = "$(BUILT_PRODUCTS_DIR)/ObjCApp.app/$(BUNDLE_EXECUTABLE_FOLDER_PATH)/ObjCApp";
			};
			name = Release;
		};
		ECC1C7DC2D194B0600449BD0 /* Debug */ = {
			isa = XCBuildConfiguration;
			buildSettings = {
				CODE_SIGN_STYLE = Automatic;
				CURRENT_PROJECT_VERSION = 1;
				GENERATE_INFOPLIST_FILE = YES;
				MARKETING_VERSION = 1.0;
				PRODUCT_BUNDLE_IDENTIFIER = com.tencent.yc.ObjCAppUITests;
				PRODUCT_NAME = "$(TARGET_NAME)";
				SWIFT_EMIT_LOC_STRINGS = NO;
				TARGETED_DEVICE_FAMILY = "1,2";
				TEST_TARGET_NAME = ObjCApp;
			};
			name = Debug;
		};
		ECC1C7DD2D194B0600449BD0 /* Release */ = {
			isa = XCBuildConfiguration;
			buildSettings = {
				CODE_SIGN_STYLE = Automatic;
				CURRENT_PROJECT_VERSION = 1;
				GENERATE_INFOPLIST_FILE = YES;
				MARKETING_VERSION = 1.0;
				PRODUCT_BUNDLE_IDENTIFIER = com.tencent.yc.ObjCAppUITests;
				PRODUCT_NAME = "$(TARGET_NAME)";
				SWIFT_EMIT_LOC_STRINGS = NO;
				TARGETED_DEVICE_FAMILY = "1,2";
				TEST_TARGET_NAME = ObjCApp;
			};
			name = Release;
		};
/* End XCBuildConfiguration section */

/* Begin XCConfigurationList section */
		ECC1C7A02D194B0400449BD0 /* Build configuration list for PBXProject "ObjCApp" */ = {
			isa = XCConfigurationList;
			buildConfigurations = (
				ECC1C7D62D194B0600449BD0 /* Debug */,
				ECC1C7D72D194B0600449BD0 /* Release */,
			);
			defaultConfigurationIsVisible = 0;
			defaultConfigurationName = Release;
		};
		ECC1C7D32D194B0600449BD0 /* Build configuration list for PBXNativeTarget "ObjCApp" */ = {
			isa = XCConfigurationList;
			buildConfigurations = (
				ECC1C7D42D194B0600449BD0 /* Debug */,
				ECC1C7D52D194B0600449BD0 /* Release */,
			);
			defaultConfigurationIsVisible = 0;
			defaultConfigurationName = Release;
		};
		ECC1C7D82D194B0600449BD0 /* Build configuration list for PBXNativeTarget "ObjCAppTests" */ = {
			isa = XCConfigurationList;
			buildConfigurations = (
				ECC1C7D92D194B0600449BD0 /* Debug */,
				ECC1C7DA2D194B0600449BD0 /* Release */,
			);
			defaultConfigurationIsVisible = 0;
			defaultConfigurationName = Release;
		};
		ECC1C7DB2D194B0600449BD0 /* Build configuration list for PBXNativeTarget "ObjCAppUITests" */ = {
			isa = XCConfigurationList;
			buildConfigurations = (
				ECC1C7DC2D194B0600449BD0 /* Debug */,
				ECC1C7DD2D194B0600449BD0 /* Release */,
			);
			defaultConfigurationIsVisible = 0;
			defaultConfigurationName = Release;
		};
/* End XCConfigurationList section */
	};
	rootObject = ECC1C79D2D194B0400449BD0 /* Project object */;
}
